
Microsoft Visual Studio Solution File, Format Version 12.00
# Visual Studio Version 16
VisualStudioVersion = 16.0.29920.165
MinimumVisualStudioVersion = 10.0.40219.1
Project("{FAE04EC0-301F-11D3-BF4B-00C04F79EFBC}") = "c3302779_Assig1", "c3302779_Assig1\c3302779_Assig1.csproj", "{6D62144A-41C0-4455-BE09-4574F36686F6}"
EndProject
Global
	GlobalSection(SolutionConfigurationPlatforms) = preSolution
		Debug|Any CPU = Debug|Any CPU
		Release|Any CPU = Release|Any CPU
	EndGlobalSection
	GlobalSection(ProjectConfigurationPlatforms) = postSolution
		{6D62144A-41C0-4455-BE09-4574F36686F6}.Debug|Any CPU.ActiveCfg = Debug|Any CPU
		{6D62144A-41C0-4455-BE09-4574F36686F6}.Debug|Any CPU.Build.0 = Debug|Any CPU
		{6D62144A-41C0-4455-BE09-4574F36686F6}.Release|Any CPU.ActiveCfg = Release|Any CPU
		{6D62144A-41C0-4455-BE09-4574F36686F6}.Release|Any CPU.Build.0 = Release|Any CPU
	EndGlobalSection
	GlobalSection(SolutionProperties) = preSolution
		HideSolutionNode = FALSE
	EndGlobalSection
	GlobalSection(ExtensibilityGlobals) = postSolution
		SolutionGuid = {C2B54188-3184-4A20-8781-7FAAD2C3F08F}
	EndGlobalSection
EndGlobal
